
Microsoft Visual Studio Solution File, Format Version 12.00
# Visual Studio Version 17
VisualStudioVersion = 17.0.31903.59
MinimumVisualStudioVersion = 10.0.40219.1
Project("{FAE04EC0-301F-11D3-BF4B-00C04F79EFBC}") = "MyDemoApp.API", "MyDemoApp.API\MyDemoApp.API.csproj", "{20C777D1-471F-43BF-913D-31106E021AD0}"
EndProject
Project("{FAE04EC0-301F-11D3-BF4B-00C04F79EFBC}") = "MyDemoApp.Tests", "MyDemoApp.Tests\MyDemoApp.Tests.csproj", "{3E203CB2-590C-42A7-978E-23DD0A2937A5}"
EndProject
Global
	GlobalSection(SolutionConfigurationPlatforms) = preSolution
		Debug|Any CPU = Debug|Any CPU
		Release|Any CPU = Release|Any CPU
	EndGlobalSection
	GlobalSection(SolutionProperties) = preSolution
		HideSolutionNode = FALSE
	EndGlobalSection
	GlobalSection(ProjectConfigurationPlatforms) = postSolution
		{20C777D1-471F-43BF-913D-31106E021AD0}.Debug|Any CPU.ActiveCfg = Debug|Any CPU
		{20C777D1-471F-43BF-913D-31106E021AD0}.Debug|Any CPU.Build.0 = Debug|Any CPU
		{20C777D1-471F-43BF-913D-31106E021AD0}.Release|Any CPU.ActiveCfg = Release|Any CPU
		{20C777D1-471F-43BF-913D-31106E021AD0}.Release|Any CPU.Build.0 = Release|Any CPU
		{3E203CB2-590C-42A7-978E-23DD0A2937A5}.Debug|Any CPU.ActiveCfg = Debug|Any CPU
		{3E203CB2-590C-42A7-978E-23DD0A2937A5}.Debug|Any CPU.Build.0 = Debug|Any CPU
		{3E203CB2-590C-42A7-978E-23DD0A2937A5}.Release|Any CPU.ActiveCfg = Release|Any CPU
		{3E203CB2-590C-42A7-978E-23DD0A2937A5}.Release|Any CPU.Build.0 = Release|Any CPU
	EndGlobalSection
EndGlobal
